Microsoft Visual Studio Solution File, Format Version 8.00
Project("{F184B08F-C81C-45F6-A57F-5ABD9991F28F}") = "ALib", "ALib.vbproj", "{691DA649-EE12-4108-88A4-841BE8032533}"
	ProjectSection(ProjectDependencies) = postProject
	EndProjectSection
EndProject
Global
	GlobalSection(SolutionConfiguration) = preSolution
		Debug = Debug
		Release = Release
	EndGlobalSection
	GlobalSection(ProjectConfiguration) = postSolution
		{691DA649-EE12-4108-88A4-841BE8032533}.Debug.ActiveCfg = Debug|.NET
		{691DA649-EE12-4108-88A4-841BE8032533}.Debug.Build.0 = Debug|.NET
		{691DA649-EE12-4108-88A4-841BE8032533}.Release.ActiveCfg = Release|.NET
		{691DA649-EE12-4108-88A4-841BE8032533}.Release.Build.0 = Release|.NET
	EndGlobalSection
	GlobalSection(ExtensibilityGlobals) = postSolution
	EndGlobalSection
	GlobalSection(ExtensibilityAddIns) = postSolution
	EndGlobalSection
EndGlobal
