Microsoft Visual Studio Solution File, Format Version 8.00
Project("{FAE04EC0-301F-11D3-BF4B-00C04F79EFBC}") = "Singleton", "Singleton.csproj", "{209A6F9C-350B-479F-BC78-0CA58422FF54}"
	ProjectSection(ProjectDependencies) = postProject
	EndProjectSection
EndProject
Global
	GlobalSection(SolutionConfiguration) = preSolution
		Debug = Debug
		Release = Release
	EndGlobalSection
	GlobalSection(ProjectConfiguration) = postSolution
		{209A6F9C-350B-479F-BC78-0CA58422FF54}.Debug.ActiveCfg = Debug|.NET
		{209A6F9C-350B-479F-BC78-0CA58422FF54}.Debug.Build.0 = Debug|.NET
		{209A6F9C-350B-479F-BC78-0CA58422FF54}.Release.ActiveCfg = Release|.NET
		{209A6F9C-350B-479F-BC78-0CA58422FF54}.Release.Build.0 = Release|.NET
	EndGlobalSection
	GlobalSection(ExtensibilityGlobals) = postSolution
	EndGlobalSection
	GlobalSection(ExtensibilityAddIns) = postSolution
	EndGlobalSection
EndGlobal
