Microsoft Visual Studio Solution File, Format Version 8.00
Project("{FAE04EC0-301F-11D3-BF4B-00C04F79EFBC}") = "DerivedMethod", "DerivedMethod.csproj", "{24120445-3841-4F75-8F2E-CADBD197AD2D}"
	ProjectSection(ProjectDependencies) = postProject
	EndProjectSection
EndProject
Global
	GlobalSection(SolutionConfiguration) = preSolution
		Debug = Debug
		Release = Release
	EndGlobalSection
	GlobalSection(ProjectConfiguration) = postSolution
		{24120445-3841-4F75-8F2E-CADBD197AD2D}.Debug.ActiveCfg = Debug|.NET
		{24120445-3841-4F75-8F2E-CADBD197AD2D}.Debug.Build.0 = Debug|.NET
		{24120445-3841-4F75-8F2E-CADBD197AD2D}.Release.ActiveCfg = Release|.NET
		{24120445-3841-4F75-8F2E-CADBD197AD2D}.Release.Build.0 = Release|.NET
	EndGlobalSection
	GlobalSection(ExtensibilityGlobals) = postSolution
	EndGlobalSection
	GlobalSection(ExtensibilityAddIns) = postSolution
	EndGlobalSection
EndGlobal
