Microsoft Visual Studio Solution File, Format Version 8.00
Project("{FAE04EC0-301F-11D3-BF4B-00C04F79EFBC}") = "PolymorphismAndConstruction", "PolymorphismAndConstruction.csproj", "{343932F4-0C87-4157-8D64-55B04856835E}"
	ProjectSection(ProjectDependencies) = postProject
	EndProjectSection
EndProject
Global
	GlobalSection(SolutionConfiguration) = preSolution
		Debug = Debug
		Release = Release
	EndGlobalSection
	GlobalSection(ProjectConfiguration) = postSolution
		{343932F4-0C87-4157-8D64-55B04856835E}.Debug.ActiveCfg = Debug|.NET
		{343932F4-0C87-4157-8D64-55B04856835E}.Debug.Build.0 = Debug|.NET
		{343932F4-0C87-4157-8D64-55B04856835E}.Release.ActiveCfg = Release|.NET
		{343932F4-0C87-4157-8D64-55B04856835E}.Release.Build.0 = Release|.NET
	EndGlobalSection
	GlobalSection(ExtensibilityGlobals) = postSolution
	EndGlobalSection
	GlobalSection(ExtensibilityAddIns) = postSolution
	EndGlobalSection
EndGlobal
