Microsoft Visual Studio Solution File, Format Version 8.00
Project("{FAE04EC0-301F-11D3-BF4B-00C04F79EFBC}") = "CostOfInvoke", "CostOfInvoke.csproj", "{80911E40-C11D-4808-87C0-04490D1575C1}"
	ProjectSection(ProjectDependencies) = postProject
	EndProjectSection
EndProject
Global
	GlobalSection(SolutionConfiguration) = preSolution
		Debug = Debug
		Release = Release
	EndGlobalSection
	GlobalSection(ProjectConfiguration) = postSolution
		{80911E40-C11D-4808-87C0-04490D1575C1}.Debug.ActiveCfg = Debug|.NET
		{80911E40-C11D-4808-87C0-04490D1575C1}.Debug.Build.0 = Debug|.NET
		{80911E40-C11D-4808-87C0-04490D1575C1}.Release.ActiveCfg = Release|.NET
		{80911E40-C11D-4808-87C0-04490D1575C1}.Release.Build.0 = Release|.NET
	EndGlobalSection
	GlobalSection(ExtensibilityGlobals) = postSolution
	EndGlobalSection
	GlobalSection(ExtensibilityAddIns) = postSolution
	EndGlobalSection
EndGlobal
