Microsoft Visual Studio Solution File, Format Version 8.00
Project("{FAE04EC0-301F-11D3-BF4B-00C04F79EFBC}") = "DelegateThread", "DelegateThread.csproj", "{E99A12F1-9020-4D08-B7AA-145B935766FD}"
	ProjectSection(ProjectDependencies) = postProject
	EndProjectSection
EndProject
Global
	GlobalSection(SolutionConfiguration) = preSolution
		Debug = Debug
		Release = Release
	EndGlobalSection
	GlobalSection(ProjectConfiguration) = postSolution
		{E99A12F1-9020-4D08-B7AA-145B935766FD}.Debug.ActiveCfg = Debug|.NET
		{E99A12F1-9020-4D08-B7AA-145B935766FD}.Debug.Build.0 = Debug|.NET
		{E99A12F1-9020-4D08-B7AA-145B935766FD}.Release.ActiveCfg = Release|.NET
		{E99A12F1-9020-4D08-B7AA-145B935766FD}.Release.Build.0 = Release|.NET
	EndGlobalSection
	GlobalSection(ExtensibilityGlobals) = postSolution
	EndGlobalSection
	GlobalSection(ExtensibilityAddIns) = postSolution
	EndGlobalSection
EndGlobal
