Microsoft Visual Studio Solution File, Format Version 8.00
Project("{F184B08F-C81C-45F6-A57F-5ABD9991F28F}") = "RaisingEvent", "RaisingEvent.vbproj", "{A1781C1B-DF9D-4E66-92DC-722E92B1996E}"
	ProjectSection(ProjectDependencies) = postProject
	EndProjectSection
EndProject
Global
	GlobalSection(SolutionConfiguration) = preSolution
		Debug = Debug
		Release = Release
	EndGlobalSection
	GlobalSection(ProjectConfiguration) = postSolution
		{A1781C1B-DF9D-4E66-92DC-722E92B1996E}.Debug.ActiveCfg = Debug|.NET
		{A1781C1B-DF9D-4E66-92DC-722E92B1996E}.Debug.Build.0 = Debug|.NET
		{A1781C1B-DF9D-4E66-92DC-722E92B1996E}.Release.ActiveCfg = Release|.NET
		{A1781C1B-DF9D-4E66-92DC-722E92B1996E}.Release.Build.0 = Release|.NET
	EndGlobalSection
	GlobalSection(ExtensibilityGlobals) = postSolution
	EndGlobalSection
	GlobalSection(ExtensibilityAddIns) = postSolution
	EndGlobalSection
EndGlobal
