Microsoft Visual Studio Solution File, Format Version 8.00
Project("{FAE04EC0-301F-11D3-BF4B-00C04F79EFBC}") = "Serialization", "Serialization.csproj", "{3D2E7706-C745-4CD8-87F6-1DC0FEDECECB}"
	ProjectSection(ProjectDependencies) = postProject
	EndProjectSection
EndProject
Global
	GlobalSection(SolutionConfiguration) = preSolution
		Debug = Debug
		Release = Release
	EndGlobalSection
	GlobalSection(ProjectConfiguration) = postSolution
		{3D2E7706-C745-4CD8-87F6-1DC0FEDECECB}.Debug.ActiveCfg = Debug|.NET
		{3D2E7706-C745-4CD8-87F6-1DC0FEDECECB}.Debug.Build.0 = Debug|.NET
		{3D2E7706-C745-4CD8-87F6-1DC0FEDECECB}.Release.ActiveCfg = Release|.NET
		{3D2E7706-C745-4CD8-87F6-1DC0FEDECECB}.Release.Build.0 = Release|.NET
	EndGlobalSection
	GlobalSection(ExtensibilityGlobals) = postSolution
	EndGlobalSection
	GlobalSection(ExtensibilityAddIns) = postSolution
	EndGlobalSection
EndGlobal
