Microsoft Visual Studio Solution File, Format Version 8.00
Project("{FAE04EC0-301F-11D3-BF4B-00C04F79EFBC}") = "BackgroundThreadAndAbort", "BackgroundThreadAndAbort.csproj", "{B8FE61E1-C1FF-4448-B17F-00531A7AD97D}"
	ProjectSection(ProjectDependencies) = postProject
	EndProjectSection
EndProject
Global
	GlobalSection(SolutionConfiguration) = preSolution
		Debug = Debug
		Release = Release
	EndGlobalSection
	GlobalSection(ProjectConfiguration) = postSolution
		{B8FE61E1-C1FF-4448-B17F-00531A7AD97D}.Debug.ActiveCfg = Debug|.NET
		{B8FE61E1-C1FF-4448-B17F-00531A7AD97D}.Debug.Build.0 = Debug|.NET
		{B8FE61E1-C1FF-4448-B17F-00531A7AD97D}.Release.ActiveCfg = Release|.NET
		{B8FE61E1-C1FF-4448-B17F-00531A7AD97D}.Release.Build.0 = Release|.NET
	EndGlobalSection
	GlobalSection(ExtensibilityGlobals) = postSolution
	EndGlobalSection
	GlobalSection(ExtensibilityAddIns) = postSolution
	EndGlobalSection
EndGlobal
