Microsoft Visual Studio Solution File, Format Version 8.00
Project("{FAE04EC0-301F-11D3-BF4B-00C04F79EFBC}") = "UnInitializedDelegate", "UnInitializedDelegate.csproj", "{DF3FF4A3-D675-4324-9B7C-5A25B53F1498}"
	ProjectSection(ProjectDependencies) = postProject
	EndProjectSection
EndProject
Global
	GlobalSection(SolutionConfiguration) = preSolution
		Debug = Debug
		Release = Release
	EndGlobalSection
	GlobalSection(ProjectConfiguration) = postSolution
		{DF3FF4A3-D675-4324-9B7C-5A25B53F1498}.Debug.ActiveCfg = Debug|.NET
		{DF3FF4A3-D675-4324-9B7C-5A25B53F1498}.Debug.Build.0 = Debug|.NET
		{DF3FF4A3-D675-4324-9B7C-5A25B53F1498}.Release.ActiveCfg = Release|.NET
		{DF3FF4A3-D675-4324-9B7C-5A25B53F1498}.Release.Build.0 = Release|.NET
	EndGlobalSection
	GlobalSection(ExtensibilityGlobals) = postSolution
	EndGlobalSection
	GlobalSection(ExtensibilityAddIns) = postSolution
	EndGlobalSection
EndGlobal
