Microsoft Visual Studio Solution File, Format Version 8.00
Project("{FAE04EC0-301F-11D3-BF4B-00C04F79EFBC}") = "SuppressFinalize", "SuppressFinalize.csproj", "{F3FCBD02-057E-4D4F-BC2C-50F50209BC8F}"
	ProjectSection(ProjectDependencies) = postProject
	EndProjectSection
EndProject
Global
	GlobalSection(SolutionConfiguration) = preSolution
		Debug = Debug
		Release = Release
	EndGlobalSection
	GlobalSection(ProjectConfiguration) = postSolution
		{F3FCBD02-057E-4D4F-BC2C-50F50209BC8F}.Debug.ActiveCfg = Debug|.NET
		{F3FCBD02-057E-4D4F-BC2C-50F50209BC8F}.Debug.Build.0 = Debug|.NET
		{F3FCBD02-057E-4D4F-BC2C-50F50209BC8F}.Release.ActiveCfg = Release|.NET
		{F3FCBD02-057E-4D4F-BC2C-50F50209BC8F}.Release.Build.0 = Release|.NET
	EndGlobalSection
	GlobalSection(ExtensibilityGlobals) = postSolution
	EndGlobalSection
	GlobalSection(ExtensibilityAddIns) = postSolution
	EndGlobalSection
EndGlobal
