Microsoft Visual Studio Solution File, Format Version 8.00
Project("{F184B08F-C81C-45F6-A57F-5ABD9991F28F}") = "StringAppendPerformance", "StringAppendPerformance.vbproj", "{A2088CAB-D563-4209-A029-E2287124ADD6}"
	ProjectSection(ProjectDependencies) = postProject
	EndProjectSection
EndProject
Global
	GlobalSection(SolutionConfiguration) = preSolution
		Debug = Debug
		Release = Release
	EndGlobalSection
	GlobalSection(ProjectConfiguration) = postSolution
		{A2088CAB-D563-4209-A029-E2287124ADD6}.Debug.ActiveCfg = Debug|.NET
		{A2088CAB-D563-4209-A029-E2287124ADD6}.Debug.Build.0 = Debug|.NET
		{A2088CAB-D563-4209-A029-E2287124ADD6}.Release.ActiveCfg = Release|.NET
		{A2088CAB-D563-4209-A029-E2287124ADD6}.Release.Build.0 = Release|.NET
	EndGlobalSection
	GlobalSection(ExtensibilityGlobals) = postSolution
	EndGlobalSection
	GlobalSection(ExtensibilityAddIns) = postSolution
	EndGlobalSection
EndGlobal
